// !$*UTF8*$!
{
	archiveVersion = 1;
	classes = {
	};
	objectVersion = 46;
	objects = {

/* Begin PBXBuildFile section */
		557B81C108FA0B67C721367C /* libPods-gitTest.a in Frameworks */ = {isa = PBXBuildFile; fileRef = FAC3CCAC680B087D9FE7F01B /* libPods-gitTest.a */; };
		D6653EBD1F59976900FDC9C0 /* main.m in Sources */ = {isa = PBXBuildFile; fileRef = D6653EBC1F59976900FDC9C0 /* main.m */; };
		D6653EC01F59976900FDC9C0 /* AppDelegate.m in Sources */ = {isa = PBXBuildFile; fileRef = D6653EBF1F59976900FDC9C0 /* AppDelegate.m */; };
		D6653EC31F59976900FDC9C0 /* ViewController.m in Sources */ = {isa = PBXBuildFile; fileRef = D6653EC21F59976900FDC9C0 /* ViewController.m */; };
		D6653EC61F59976900FDC9C0 /* Main.storyboard in Resources */ = {isa = PBXBuildFile; fileRef = D6653EC41F59976900FDC9C0 /* Main.storyboard */; };
		D6653EC81F59976900FDC9C0 /* Assets.xcassets in Resources */ = {isa = PBXBuildFile; fileRef = D6653EC71F59976900FDC9C0 /* Assets.xcassets */; };
		D6653ECB1F59976900FDC9C0 /* LaunchScreen.storyboard in Resources */ = {isa = PBXBuildFile; fileRef = D6653EC91F59976900FDC9C0 /* LaunchScreen.storyboard */; };
		D6653ED51F59A0A200FDC9C0 /* UINavigationController+FDFullscreenPopGesture.m in Sources */ = {isa = PBXBuildFile; fileRef = D6653ED41F59A0A200FDC9C0 /* UINavigationController+FDFullscreenPopGesture.m */; };
/* End PBXBuildFile section */

/* Begin PBXFileReference section */
		3B171956C5987C5B79E0ABF2 /* Pods-gitTest.release.xcconfig */ = {isa = PBXFileReference; includeInIndex = 1; lastKnownFileType = text.xcconfig; name = "Pods-gitTest.release.xcconfig"; path = "Pods/Target Support Files/Pods-gitTest/Pods-gitTest.release.xcconfig"; sourceTree = "<group>"; };
		CC92C45066FB81AD03340299 /* Pods-gitTest.debug.xcconfig */ = {isa = PBXFileReference; includeInIndex = 1; lastKnownFileType = text.xcconfig; name = "Pods-gitTest.debug.xcconfig"; path = "Pods/Target Support Files/Pods-gitTest/Pods-gitTest.debug.xcconfig"; sourceTree = "<group>"; };
		D6653EB81F59976900FDC9C0 /* gitTest.app */ = {isa = PBXFileReference; explicitFileType = wrapper.application; includeInIndex = 0; path = gitTest.app; sourceTree = BUILT_PRODUCTS_DIR; };
		D6653EBC1F59976900FDC9C0 /* main.m */ = {isa = PBXFileReference; lastKnownFileType = sourcecode.c.objc; path = main.m; sourceTree = "<group>"; };
		D6653EBE1F59976900FDC9C0 /* AppDelegate.h */ = {isa = PBXFileReference; lastKnownFileType = sourcecode.c.h; path = AppDelegate.h; sourceTree = "<group>"; };
		D6653EBF1F59976900FDC9C0 /* AppDelegate.m */ = {isa = PBXFileReference; lastKnownFileType = sourcecode.c.objc; path = AppDelegate.m; sourceTree = "<group>"; };
		D6653EC11F59976900FDC9C0 /* ViewController.h */ = {isa = PBXFileReference; lastKnownFileType = sourcecode.c.h; path = ViewController.h; sourceTree = "<group>"; };
		D6653EC21F59976900FDC9C0 /* ViewController.m */ = {isa = PBXFileReference; lastKnownFileType = sourcecode.c.objc; path = ViewController.m; sourceTree = "<group>"; };
		D6653EC51F59976900FDC9C0 /* Base */ = {isa = PBXFileReference; lastKnownFileType = file.storyboard; name = Base; path = Base.lproj/Main.storyboard; sourceTree = "<group>"; };
		D6653EC71F59976900FDC9C0 /* Assets.xcassets */ = {isa = PBXFileReference; lastKnownFileType = folder.assetcatalog; path = Assets.xcassets; sourceTree = "<group>"; };
		D6653ECA1F59976900FDC9C0 /* Base */ = {isa = PBXFileReference; lastKnownFileType = file.storyboard; name = Base; path = Base.lproj/LaunchScreen.storyboard; sourceTree = "<group>"; };
		D6653ECC1F59976900FDC9C0 /* Info.plist */ = {isa = PBXFileReference; lastKnownFileType = text.plist.xml; path = Info.plist; sourceTree = "<group>"; };
		D6653ED31F59A0A200FDC9C0 /* UINavigationController+FDFullscreenPopGesture.h */ = {isa = PBXFileReference; fileEncoding = 4; lastKnownFileType = sourcecode.c.h; path = "UINavigationController+FDFullscreenPopGesture.h"; sourceTree = "<group>"; };
		D6653ED41F59A0A200FDC9C0 /* UINavigationController+FDFullscreenPopGesture.m */ = {isa = PBXFileReference; fileEncoding = 4; lastKnownFileType = sourcecode.c.objc; path = "UINavigationController+FDFullscreenPopGesture.m"; sourceTree = "<group>"; };
		FAC3CCAC680B087D9FE7F01B /* libPods-gitTest.a */ = {isa = PBXFileReference; explicitFileType = archive.ar; includeInIndex = 0; path = "libPods-gitTest.a"; sourceTree = BUILT_PRODUCTS_DIR; };
/* End PBXFileReference section */

/* Begin PBXFrameworksBuildPhase section */
		D6653EB51F59976900FDC9C0 /* Frameworks */ = {
			isa = PBXFrameworksBuildPhase;
			buildActionMask = 2147483647;
			files = (
				557B81C108FA0B67C721367C /* libPods-gitTest.a in Frameworks */,
			);
			runOnlyForDeploymentPostprocessing = 0;
		};
/* End PBXFrameworksBuildPhase section */

/* Begin PBXGroup section */
		3CC4414F67B2B17E701E6832 /* Pods */ = {
			isa = PBXGroup;
			children = (
				CC92C45066FB81AD03340299 /* Pods-gitTest.debug.xcconfig */,
				3B171956C5987C5B79E0ABF2 /* Pods-gitTest.release.xcconfig */,
			);
			name = Pods;
			sourceTree = "<group>";
		};
		481130A3DA5EB518BBAB2C2A /* Frameworks */ = {
			isa = PBXGroup;
			children = (
				FAC3CCAC680B087D9FE7F01B /* libPods-gitTest.a */,
			);
			name = Frameworks;
			sourceTree = "<group>";
		};
		D6653EAF1F59976900FDC9C0 = {
			isa = PBXGroup;
			children = (
				D6653EBA1F59976900FDC9C0 /* gitTest */,
				D6653EB91F59976900FDC9C0 /* Products */,
				3CC4414F67B2B17E701E6832 /* Pods */,
				481130A3DA5EB518BBAB2C2A /* Frameworks */,
			);
			sourceTree = "<group>";
		};
		D6653EB91F59976900FDC9C0 /* Products */ = {
			isa = PBXGroup;
			children = (
				D6653EB81F59976900FDC9C0 /* gitTest.app */,
			);
			name = Products;
			sourceTree = "<group>";
		};
		D6653EBA1F59976900FDC9C0 /* gitTest */ = {
			isa = PBXGroup;
			children = (
				D6653ED21F59A0A200FDC9C0 /* FDFullscreenPopGesture */,
				D6653EBE1F59976900FDC9C0 /* AppDelegate.h */,
				D6653EBF1F59976900FDC9C0 /* AppDelegate.m */,
				D6653EC11F59976900FDC9C0 /* ViewController.h */,
				D6653EC21F59976900FDC9C0 /* ViewController.m */,
				D6653EC41F59976900FDC9C0 /* Main.storyboard */,
				D6653EC71F59976900FDC9C0 /* Assets.xcassets */,
				D6653EC91F59976900FDC9C0 /* LaunchScreen.storyboard */,
				D6653ECC1F59976900FDC9C0 /* Info.plist */,
				D6653EBB1F59976900FDC9C0 /* Supporting Files */,
			);
			path = gitTest;
			sourceTree = "<group>";
		};
		D6653EBB1F59976900FDC9C0 /* Supporting Files */ = {
			isa = PBXGroup;
			children = (
				D6653EBC1F59976900FDC9C0 /* main.m */,
			);
			name = "Supporting Files";
			sourceTree = "<group>";
		};
		D6653ED21F59A0A200FDC9C0 /* FDFullscreenPopGesture */ = {
			isa = PBXGroup;
			children = (
				D6653ED31F59A0A200FDC9C0 /* UINavigationController+FDFullscreenPopGesture.h */,
				D6653ED41F59A0A200FDC9C0 /* UINavigationController+FDFullscreenPopGesture.m */,
			);
			path = FDFullscreenPopGesture;
			sourceTree = "<group>";
		};
/* End PBXGroup section */

/* Begin PBXNativeTarget section */
		D6653EB71F59976900FDC9C0 /* gitTest */ = {
			isa = PBXNativeTarget;
			buildConfigurationList = D6653ECF1F59976900FDC9C0 /* Build configuration list for PBXNativeTarget "gitTest" */;
			buildPhases = (
				77EE8D1FBD128B41A6D1F223 /* [CP] Check Pods Manifest.lock */,
				D6653EB41F59976900FDC9C0 /* Sources */,
				D6653EB51F59976900FDC9C0 /* Frameworks */,
				D6653EB61F59976900FDC9C0 /* Resources */,
				8EF9DD56E2A7E3D9B680E36F /* [CP] Embed Pods Frameworks */,
				1CDB92F6390119BA9D7167F8 /* [CP] Copy Pods Resources */,
			);
			buildRules = (
			);
			dependencies = (
			);
			name = gitTest;
			productName = gitTest;
			productReference = D6653EB81F59976900FDC9C0 /* gitTest.app */;
			productType = "com.apple.product-type.application";
		};
/* End PBXNativeTarget section */

/* Begin PBXProject section */
		D6653EB01F59976900FDC9C0 /* Project object */ = {
			isa = PBXProject;
			attributes = {
				LastUpgradeCheck = 0820;
				ORGANIZATIONNAME = "秦榕";
				TargetAttributes = {
					D6653EB71F59976900FDC9C0 = {
						CreatedOnToolsVersion = 8.2.1;
						DevelopmentTeam = 7PJUU7699F;
						ProvisioningStyle = Automatic;
					};
				};
			};
			buildConfigurationList = D6653EB31F59976900FDC9C0 /* Build configuration list for PBXProject "gitTest" */;
			compatibilityVersion = "Xcode 3.2";
			developmentRegion = English;
			hasScannedForEncodings = 0;
			knownRegions = (
				en,
				Base,
			);
			mainGroup = D6653EAF1F59976900FDC9C0;
			productRefGroup = D6653EB91F59976900FDC9C0 /* Products */;
			projectDirPath = "";
			projectRoot = "";
			targets = (
				D6653EB71F59976900FDC9C0 /* gitTest */,
			);
		};
/* End PBXProject section */

/* Begin PBXResourcesBuildPhase section */
		D6653EB61F59976900FDC9C0 /* Resources */ = {
			isa = PBXResourcesBuildPhase;
			buildActionMask = 2147483647;
			files = (
				D6653ECB1F59976900FDC9C0 /* LaunchScreen.storyboard in Resources */,
				D6653EC81F59976900FDC9C0 /* Assets.xcassets in Resources */,
				D6653EC61F59976900FDC9C0 /* Main.storyboard in Resources */,
			);
			runOnlyForDeploymentPostprocessing = 0;
		};
/* End PBXResourcesBuildPhase section */

/* Begin PBXShellScriptBuildPhase section */
		1CDB92F6390119BA9D7167F8 /* [CP] Copy Pods Resources */ = {
			isa = PBXShellScriptBuildPhase;
			buildActionMask = 2147483647;
			files = (
			);
			inputPaths = (
			);
			name = "[CP] Copy Pods Resources";
			outputPaths = (
			);
			runOnlyForDeploymentPostprocessing = 0;
			shellPath = /bin/sh;
			shellScript = "\"${SRCROOT}/Pods/Target Support Files/Pods-gitTest/Pods-gitTest-resources.sh\"\n";
			showEnvVarsInLog = 0;
		};
		77EE8D1FBD128B41A6D1F223 /* [CP] Check Pods Manifest.lock */ = {
			isa = PBXShellScriptBuildPhase;
			buildActionMask = 2147483647;
			files = (
			);
			inputPaths = (
			);
			name = "[CP] Check Pods Manifest.lock";
			outputPaths = (
			);
			runOnlyForDeploymentPostprocessing = 0;
			shellPath = /bin/sh;
			shellScript = "diff \"${PODS_PODFILE_DIR_PATH}/Podfile.lock\" \"${PODS_ROOT}/Manifest.lock\" > /dev/null\nif [ $? != 0 ] ; then\n    # print error to STDERR\n    echo \"error: The sandbox is not in sync with the Podfile.lock. Run 'pod install' or update your CocoaPods installation.\" >&2\n    exit 1\nfi\n";
			showEnvVarsInLog = 0;
		};
		8EF9DD56E2A7E3D9B680E36F /* [CP] Embed Pods Frameworks */ = {
			isa = PBXShellScriptBuildPhase;
			buildActionMask = 2147483647;
			files = (
			);
			inputPaths = (
			);
			name = "[CP] Embed Pods Frameworks";
			outputPaths = (
			);
			runOnlyForDeploymentPostprocessing = 0;
			shellPath = /bin/sh;
			shellScript = "\"${SRCROOT}/Pods/Target Support Files/Pods-gitTest/Pods-gitTest-frameworks.sh\"\n";
			showEnvVarsInLog = 0;
		};
/* End PBXShellScriptBuildPhase section */

/* Begin PBXSourcesBuildPhase section */
		D6653EB41F59976900FDC9C0 /* Sources */ = {
			isa = PBXSourcesBuildPhase;
			buildActionMask = 2147483647;
			files = (
				D6653EC31F59976900FDC9C0 /* ViewController.m in Sources */,
				D6653EC01F59976900FDC9C0 /* AppDelegate.m in Sources */,
				D6653ED51F59A0A200FDC9C0 /* UINavigationController+FDFullscreenPopGesture.m in Sources */,
				D6653EBD1F59976900FDC9C0 /* main.m in Sources */,
			);
			runOnlyForDeploymentPostprocessing = 0;
		};
/* End PBXSourcesBuildPhase section */

/* Begin PBXVariantGroup section */
		D6653EC41F59976900FDC9C0 /* Main.storyboard */ = {
			isa = PBXVariantGroup;
			children = (
				D6653EC51F59976900FDC9C0 /* Base */,
			);
			name = Main.storyboard;
			sourceTree = "<group>";
		};
		D6653EC91F59976900FDC9C0 /* LaunchScreen.storyboard */ = {
			isa = PBXVariantGroup;
			children = (
				D6653ECA1F59976900FDC9C0 /* Base */,
			);
			name = LaunchScreen.storyboard;
			sourceTree = "<group>";
		};
/* End PBXVariantGroup section */

/* Begin XCBuildConfiguration section */
		D6653ECD1F59976900FDC9C0 /* Debug */ = {
			isa = XCBuildConfiguration;
			buildSettings = {
				ALWAYS_SEARCH_USER_PATHS = NO;
				CLANG_ANALYZER_NONNULL = YES;
				CLANG_CXX_LANGUAGE_STANDARD = "gnu++0x";
				CLANG_CXX_LIBRARY = "libc++";
				CLANG_ENABLE_MODULES = YES;
				CLANG_ENABLE_OBJC_ARC = YES;
				CLANG_WARN_BOOL_CONVERSION = YES;
				CLANG_WARN_CONSTANT_CONVERSION = YES;
				CLANG_WARN_DIRECT_OBJC_ISA_USAGE = YES_ERROR;
				CLANG_WARN_DOCUMENTATION_COMMENTS = YES;
				CLANG_WARN_EMPTY_BODY = YES;
				CLANG_WARN_ENUM_CONVERSION = YES;
				CLANG_WARN_INFINITE_RECURSION = YES;
				CLANG_WARN_INT_CONVERSION = YES;
				CLANG_WARN_OBJC_ROOT_CLASS = YES_ERROR;
				CLANG_WARN_SUSPICIOUS_MOVE = YES;
				CLANG_WARN_UNREACHABLE_CODE = YES;
				CLANG_WARN__DUPLICATE_METHOD_MATCH = YES;
				"CODE_SIGN_IDENTITY[sdk=iphoneos*]" = "iPhone Developer";
				COPY_PHASE_STRIP = NO;
				DEBUG_INFORMATION_FORMAT = dwarf;
				ENABLE_STRICT_OBJC_MSGSEND = YES;
				ENABLE_TESTABILITY = YES;
				GCC_C_LANGUAGE_STANDARD = gnu99;
				GCC_DYNAMIC_NO_PIC = NO;
				GCC_NO_COMMON_BLOCKS = YES;
				GCC_OPTIMIZATION_LEVEL = 0;
				GCC_PREPROCESSOR_DEFINITIONS = (
					"DEBUG=1",
					"$(inherited)",
				);
				GCC_WARN_64_TO_32_BIT_CONVERSION = YES;
				GCC_WARN_ABOUT_RETURN_TYPE = YES_ERROR;
				GCC_WARN_UNDECLARED_SELECTOR = YES;
				GCC_WARN_UNINITIALIZED_AUTOS = YES_AGGRESSIVE;
				GCC_WARN_UNUSED_FUNCTION = YES;
				GCC_WARN_UNUSED_VARIABLE = YES;
				IPHONEOS_DEPLOYMENT_TARGET = 10.2;
				MTL_ENABLE_DEBUG_INFO = YES;
				ONLY_ACTIVE_ARCH = YES;
				SDKROOT = iphoneos;
			};
			name = Debug;
		};
		D6653ECE1F59976900FDC9C0 /* Release */ = {
			isa = XCBuildConfiguration;
			buildSettings = {
				ALWAYS_SEARCH_USER_PATHS = NO;
				CLANG_ANALYZER_NONNULL = YES;
				CLANG_CXX_LANGUAGE_STANDARD = "gnu++0x";
				CLANG_CXX_LIBRARY = "libc++";
				CLANG_ENABLE_MODULES = YES;
				CLANG_ENABLE_OBJC_ARC = YES;
				CLANG_WARN_BOOL_CONVERSION = YES;
				CLANG_WARN_CONSTANT_CONVERSION = YES;
				CLANG_WARN_DIRECT_OBJC_ISA_USAGE = YES_ERROR;
				CLANG_WARN_DOCUMENTATION_COMMENTS = YES;
				CLANG_WARN_EMPTY_BODY = YES;
				CLANG_WARN_ENUM_CONVERSION = YES;
				CLANG_WARN_INFINITE_RECURSION = YES;
				CLANG_WARN_INT_CONVERSION = YES;
				CLANG_WARN_OBJC_ROOT_CLASS = YES_ERROR;
				CLANG_WARN_SUSPICIOUS_MOVE = YES;
				CLANG_WARN_UNREACHABLE_CODE = YES;
				CLANG_WARN__DUPLICATE_METHOD_MATCH = YES;
				"CODE_SIGN_IDENTITY[sdk=iphoneos*]" = "iPhone Developer";
				COPY_PHASE_STRIP = NO;
				DEBUG_INFORMATION_FORMAT = "dwarf-with-dsym";
				ENABLE_NS_ASSERTIONS = NO;
				ENABLE_STRICT_OBJC_MSGSEND = YES;
				GCC_C_LANGUAGE_STANDARD = gnu99;
				GCC_NO_COMMON_BLOCKS = YES;
				GCC_WARN_64_TO_32_BIT_CONVERSION = YES;
				GCC_WARN_ABOUT_RETURN_TYPE = YES_ERROR;
				GCC_WARN_UNDECLARED_SELECTOR = YES;
				GCC_WARN_UNINITIALIZED_AUTOS = YES_AGGRESSIVE;
				GCC_WARN_UNUSED_FUNCTION = YES;
				GCC_WARN_UNUSED_VARIABLE = YES;
				IPHONEOS_DEPLOYMENT_TARGET = 10.2;
				MTL_ENABLE_DEBUG_INFO = NO;
				SDKROOT = iphoneos;
				VALIDATE_PRODUCT = YES;
			};
			name = Release;
		};
		D6653ED01F59976900FDC9C0 /* Debug */ = {
			isa = XCBuildConfiguration;
			baseConfigurationReference = CC92C45066FB81AD03340299 /* Pods-gitTest.debug.xcconfig */;
			buildSettings = {
				ASSETCATALOG_COMPILER_APPICON_NAME = AppIcon;
				DEVELOPMENT_TEAM = 7PJUU7699F;
				INFOPLIST_FILE = gitTest/Info.plist;
				LD_RUNPATH_SEARCH_PATHS = "$(inherited) @executable_path/Frameworks";
				PRODUCT_BUNDLE_IDENTIFIER = "--.gitTest";
				PRODUCT_NAME = "$(TARGET_NAME)";
			};
			name = Debug;
		};
		D6653ED11F59976900FDC9C0 /* Release */ = {
			isa = XCBuildConfiguration;
			baseConfigurationReference = 3B171956C5987C5B79E0ABF2 /* Pods-gitTest.release.xcconfig */;
			buildSettings = {
				ASSETCATALOG_COMPILER_APPICON_NAME = AppIcon;
				DEVELOPMENT_TEAM = 7PJUU7699F;
				INFOPLIST_FILE = gitTest/Info.plist;
				LD_RUNPATH_SEARCH_PATHS = "$(inherited) @executable_path/Frameworks";
				PRODUCT_BUNDLE_IDENTIFIER = "--.gitTest";
				PRODUCT_NAME = "$(TARGET_NAME)";
			};
			name = Release;
		};
/* End XCBuildConfiguration section */

/* Begin XCConfigurationList section */
		D6653EB31F59976900FDC9C0 /* Build configuration list for PBXProject "gitTest" */ = {
			isa = XCConfigurationList;
			buildConfigurations = (
				D6653ECD1F59976900FDC9C0 /* Debug */,
				D6653ECE1F59976900FDC9C0 /* Release */,
			);
			defaultConfigurationIsVisible = 0;
			defaultConfigurationName = Release;
		};
		D6653ECF1F59976900FDC9C0 /* Build configuration list for PBXNativeTarget "gitTest" */ = {
			isa = XCConfigurationList;
			buildConfigurations = (
				D6653ED01F59976900FDC9C0 /* Debug */,
				D6653ED11F59976900FDC9C0 /* Release */,
			);
			defaultConfigurationIsVisible = 0;
			defaultConfigurationName = Release;
		};
/* End XCConfigurationList section */
	};
	rootObject = D6653EB01F59976900FDC9C0 /* Project object */;
}
